
Microsoft Visual Studio Solution File, Format Version 12.00
# Visual Studio Version 17
VisualStudioVersion = 17.0.31903.59
MinimumVisualStudioVersion = 10.0.40219.1
Project("{9A19103F-16F7-4668-BE54-9A1E7A4F7556}") = "Genealogy.Domain", "src\Genealogy.Domain\Genealogy.Domain.csproj", "{189E12E7-5B8A-4AEC-A0B0-29DEB945241D}"
EndProject
Project("{9A19103F-16F7-4668-BE54-9A1E7A4F7556}") = "Genealogy.Infrastructure", "src\Genealogy.Infrastructure\Genealogy.Infrastructure.csproj", "{647E516C-6694-4E77-88D4-6EB67CEF488A}"
EndProject
Project("{9A19103F-16F7-4668-BE54-9A1E7A4F7556}") = "Genealogy.Shared", "src\Genealogy.Shared\Genealogy.Shared.csproj", "{24259EDE-9FB5-49D8-B3FD-E70C41C147C8}"
EndProject
Project("{9A19103F-16F7-4668-BE54-9A1E7A4F7556}") = "Genealogy.Test", "tests\Genealogy.Test\Genealogy.Test.csproj", "{478A0EA7-EFFB-4E78-8599-7363AFE32F47}"
EndProject
Project("{9A19103F-16F7-4668-BE54-9A1E7A4F7556}") = "Genealogy.Infrastructure.Data", "src\Genealogy.Infrastructure.Data\Genealogy.Infrastructure.Data.csproj", "{8E29F4F5-C382-4EFE-8EB4-403A311E97D6}"
EndProject
Project("{9A19103F-16F7-4668-BE54-9A1E7A4F7556}") = "Genealogy.Web", "src\Genealogy.Web\Genealogy.Web.csproj", "{7201EFA4-4DBF-488C-BB5B-AB9D0A4CB941}"
EndProject
Project("{9A19103F-16F7-4668-BE54-9A1E7A4F7556}") = "Genealogy.Web.Components", "src\Genealogy.Web.Components\Genealogy.Web.Components.csproj", "{484CE5F6-9EE0-4A73-B460-63BBB236BAA6}"
EndProject
Global
	GlobalSection(SolutionConfigurationPlatforms) = preSolution
		Debug|Any CPU = Debug|Any CPU
		Release|Any CPU = Release|Any CPU
	EndGlobalSection
	GlobalSection(ProjectConfigurationPlatforms) = postSolution
		{189E12E7-5B8A-4AEC-A0B0-29DEB945241D}.Debug|Any CPU.ActiveCfg = Debug|Any CPU
		{189E12E7-5B8A-4AEC-A0B0-29DEB945241D}.Debug|Any CPU.Build.0 = Debug|Any CPU
		{189E12E7-5B8A-4AEC-A0B0-29DEB945241D}.Release|Any CPU.ActiveCfg = Release|Any CPU
		{189E12E7-5B8A-4AEC-A0B0-29DEB945241D}.Release|Any CPU.Build.0 = Release|Any CPU
		{647E516C-6694-4E77-88D4-6EB67CEF488A}.Debug|Any CPU.ActiveCfg = Debug|Any CPU
		{647E516C-6694-4E77-88D4-6EB67CEF488A}.Debug|Any CPU.Build.0 = Debug|Any CPU
		{647E516C-6694-4E77-88D4-6EB67CEF488A}.Release|Any CPU.ActiveCfg = Release|Any CPU
		{647E516C-6694-4E77-88D4-6EB67CEF488A}.Release|Any CPU.Build.0 = Release|Any CPU
		{24259EDE-9FB5-49D8-B3FD-E70C41C147C8}.Debug|Any CPU.ActiveCfg = Debug|Any CPU
		{24259EDE-9FB5-49D8-B3FD-E70C41C147C8}.Debug|Any CPU.Build.0 = Debug|Any CPU
		{24259EDE-9FB5-49D8-B3FD-E70C41C147C8}.Release|Any CPU.ActiveCfg = Release|Any CPU
		{24259EDE-9FB5-49D8-B3FD-E70C41C147C8}.Release|Any CPU.Build.0 = Release|Any CPU
		{478A0EA7-EFFB-4E78-8599-7363AFE32F47}.Debug|Any CPU.ActiveCfg = Debug|Any CPU
		{478A0EA7-EFFB-4E78-8599-7363AFE32F47}.Debug|Any CPU.Build.0 = Debug|Any CPU
		{478A0EA7-EFFB-4E78-8599-7363AFE32F47}.Release|Any CPU.ActiveCfg = Release|Any CPU
		{478A0EA7-EFFB-4E78-8599-7363AFE32F47}.Release|Any CPU.Build.0 = Release|Any CPU
		{8E29F4F5-C382-4EFE-8EB4-403A311E97D6}.Debug|Any CPU.ActiveCfg = Debug|Any CPU
		{8E29F4F5-C382-4EFE-8EB4-403A311E97D6}.Debug|Any CPU.Build.0 = Debug|Any CPU
		{8E29F4F5-C382-4EFE-8EB4-403A311E97D6}.Release|Any CPU.ActiveCfg = Release|Any CPU
		{8E29F4F5-C382-4EFE-8EB4-403A311E97D6}.Release|Any CPU.Build.0 = Release|Any CPU
		{7201EFA4-4DBF-488C-BB5B-AB9D0A4CB941}.Debug|Any CPU.ActiveCfg = Debug|Any CPU
		{7201EFA4-4DBF-488C-BB5B-AB9D0A4CB941}.Debug|Any CPU.Build.0 = Debug|Any CPU
		{7201EFA4-4DBF-488C-BB5B-AB9D0A4CB941}.Release|Any CPU.ActiveCfg = Release|Any CPU
		{7201EFA4-4DBF-488C-BB5B-AB9D0A4CB941}.Release|Any CPU.Build.0 = Release|Any CPU
		{484CE5F6-9EE0-4A73-B460-63BBB236BAA6}.Debug|Any CPU.ActiveCfg = Debug|Any CPU
		{484CE5F6-9EE0-4A73-B460-63BBB236BAA6}.Debug|Any CPU.Build.0 = Debug|Any CPU
		{484CE5F6-9EE0-4A73-B460-63BBB236BAA6}.Release|Any CPU.ActiveCfg = Release|Any CPU
		{484CE5F6-9EE0-4A73-B460-63BBB236BAA6}.Release|Any CPU.Build.0 = Release|Any CPU
	EndGlobalSection
	GlobalSection(SolutionProperties) = preSolution
		HideSolutionNode = FALSE
	EndGlobalSection
	GlobalSection(ExtensibilityGlobals) = postSolution
		SolutionGuid = {65616976-9261-455B-9B41-E3AF4DD45651}
	EndGlobalSection
EndGlobal
